
Microsoft Visual Studio Solution File, Format Version 12.00
# Visual Studio Version 16
VisualStudioVersion = 16.0.31321.278
MinimumVisualStudioVersion = 10.0.40219.1
Project("{9A19103F-16F7-4668-BE54-9A1E7A4F7556}") = "EcommerceAPI.DataAccess", "EcommerceAPI.DataAccess\EcommerceAPI.DataAccess.csproj", "{D32E449A-31F1-4B32-843F-DD634268914F}"
EndProject
Project("{9A19103F-16F7-4668-BE54-9A1E7A4F7556}") = "EcommerceWEB", "EcommerceWEB\EcommerceWEB.csproj", "{A9D0CF00-C305-4EE0-BE12-1E3973232FBC}"
EndProject
Project("{9A19103F-16F7-4668-BE54-9A1E7A4F7556}") = "EcommerceExtention", "EcommerceExtention\EcommerceExtention.csproj", "{C0549358-1F3C-4FCE-A112-023A5E7D76F6}"
EndProject
Project("{9A19103F-16F7-4668-BE54-9A1E7A4F7556}") = "EcommerceAPI.Model", "EcommerceAPI.Model\EcommerceAPI.Model.csproj", "{907DCF9B-0F3B-4A2E-9E37-2D478850F32E}"
EndProject
Project("{9A19103F-16F7-4668-BE54-9A1E7A4F7556}") = "EcommerceAPI.UI", "EcommerceUI\EcommerceAPI.UI.csproj", "{A0AB6C08-80ED-4BF8-B1C9-A7DC815810CF}"
EndProject
Project("{FAE04EC0-301F-11D3-BF4B-00C04F79EFBC}") = "EcomerceAPI.Services", "EcomerceAPI.Services\EcomerceAPI.Services.csproj", "{947073F6-5B93-4B32-9DF7-8D85F4240E75}"
EndProject
Global
	GlobalSection(SolutionConfigurationPlatforms) = preSolution
		Debug|Any CPU = Debug|Any CPU
		Release|Any CPU = Release|Any CPU
	EndGlobalSection
	GlobalSection(ProjectConfigurationPlatforms) = postSolution
		{D32E449A-31F1-4B32-843F-DD634268914F}.Debug|Any CPU.ActiveCfg = Debug|Any CPU
		{D32E449A-31F1-4B32-843F-DD634268914F}.Debug|Any CPU.Build.0 = Debug|Any CPU
		{D32E449A-31F1-4B32-843F-DD634268914F}.Release|Any CPU.ActiveCfg = Release|Any CPU
		{D32E449A-31F1-4B32-843F-DD634268914F}.Release|Any CPU.Build.0 = Release|Any CPU
		{A9D0CF00-C305-4EE0-BE12-1E3973232FBC}.Debug|Any CPU.ActiveCfg = Debug|Any CPU
		{A9D0CF00-C305-4EE0-BE12-1E3973232FBC}.Debug|Any CPU.Build.0 = Debug|Any CPU
		{A9D0CF00-C305-4EE0-BE12-1E3973232FBC}.Release|Any CPU.ActiveCfg = Release|Any CPU
		{A9D0CF00-C305-4EE0-BE12-1E3973232FBC}.Release|Any CPU.Build.0 = Release|Any CPU
		{C0549358-1F3C-4FCE-A112-023A5E7D76F6}.Debug|Any CPU.ActiveCfg = Debug|Any CPU
		{C0549358-1F3C-4FCE-A112-023A5E7D76F6}.Debug|Any CPU.Build.0 = Debug|Any CPU
		{C0549358-1F3C-4FCE-A112-023A5E7D76F6}.Release|Any CPU.ActiveCfg = Release|Any CPU
		{C0549358-1F3C-4FCE-A112-023A5E7D76F6}.Release|Any CPU.Build.0 = Release|Any CPU
		{907DCF9B-0F3B-4A2E-9E37-2D478850F32E}.Debug|Any CPU.ActiveCfg = Debug|Any CPU
		{907DCF9B-0F3B-4A2E-9E37-2D478850F32E}.Debug|Any CPU.Build.0 = Debug|Any CPU
		{907DCF9B-0F3B-4A2E-9E37-2D478850F32E}.Release|Any CPU.ActiveCfg = Release|Any CPU
		{907DCF9B-0F3B-4A2E-9E37-2D478850F32E}.Release|Any CPU.Build.0 = Release|Any CPU
		{A0AB6C08-80ED-4BF8-B1C9-A7DC815810CF}.Debug|Any CPU.ActiveCfg = Debug|Any CPU
		{A0AB6C08-80ED-4BF8-B1C9-A7DC815810CF}.Debug|Any CPU.Build.0 = Debug|Any CPU
		{A0AB6C08-80ED-4BF8-B1C9-A7DC815810CF}.Release|Any CPU.ActiveCfg = Release|Any CPU
		{A0AB6C08-80ED-4BF8-B1C9-A7DC815810CF}.Release|Any CPU.Build.0 = Release|Any CPU
		{947073F6-5B93-4B32-9DF7-8D85F4240E75}.Debug|Any CPU.ActiveCfg = Debug|Any CPU
		{947073F6-5B93-4B32-9DF7-8D85F4240E75}.Debug|Any CPU.Build.0 = Debug|Any CPU
		{947073F6-5B93-4B32-9DF7-8D85F4240E75}.Release|Any CPU.ActiveCfg = Release|Any CPU
		{947073F6-5B93-4B32-9DF7-8D85F4240E75}.Release|Any CPU.Build.0 = Release|Any CPU
	EndGlobalSection
	GlobalSection(SolutionProperties) = preSolution
		HideSolutionNode = FALSE
	EndGlobalSection
	GlobalSection(ExtensibilityGlobals) = postSolution
		SolutionGuid = {8DDAABA9-FFC0-4700-92DE-A7BEEBA6094B}
	EndGlobalSection
EndGlobal
